{
  "name": "app",
  "version": "1.0.0",
  "lockfileVersion": 3,
  "requires": true,
  "packages": {
    "": {
      "name": "app",
      "version": "1.0.0",
      "license": "ISC",
      "dependencies": {
        "@brtmvdl/backend": "^1.0.14"
      }
    },
    "node_modules/@brtmvdl/backend": {
      "version": "1.0.14",
      "resolved": "https://registry.npmjs.org/@brtmvdl/backend/-/backend-1.0.14.tgz",
      "integrity": "sha512-Z/k7wPrFCpXTVBW5UTD2quRdnTSmxi5vWC+KkF96ueBJrfiNIWsflVH1hOWlBnydSq/5CQiOPeWnODoP5UhewQ==",
      "bin": {
        "backend": "bin/index.js"
      },
      "funding": {
        "url": "https://link.mercadopago.com.br/brtmvdl"
      }
    }
  }
}
