{
  "name": "api",
  "version": "0.1.0",
  "lockfileVersion": 3,
  "requires": true,
  "packages": {
    "": {
      "name": "api",
      "version": "0.1.0",
      "license": "MIT",
      "dependencies": {
        "@brtmvdl/backend": "^1.0.10",
        "@brtmvdl/database": "^1.0.2",
        "@brtmvdl/logger": "^0.2.4"
      }
    },
    "node_modules/@brtmvdl/backend": {
      "version": "1.0.10",
      "resolved": "https://registry.npmjs.org/@brtmvdl/backend/-/backend-1.0.10.tgz",
      "integrity": "sha512-8FMBSVvs6mwuExBDfUbkaAffcPPnZUAbyvK+eK4Izm2tN7WvAgScbumWCxi1bONbWH7PLLVK9CbuyOnMmBW7xw==",
      "bin": {
        "backend": "bin/index.js"
      },
      "funding": {
        "url": "https://link.mercadopago.com.br/brtmvdl"
      }
    },
    "node_modules/@brtmvdl/database": {
      "version": "1.0.2",
      "resolved": "https://registry.npmjs.org/@brtmvdl/database/-/database-1.0.2.tgz",
      "integrity": "sha512-vZA6Xz6XBG/GvbBlMMD0yav/uDzAqFKuR1oEHuSoZ9tNzjHYQ0Ag0znhkKDP9HN/M9H0Q0/WVapMWuYCFcYObw==",
      "dependencies": {
        "@brtmvdl/uuid": "^0.2.0"
      },
      "bin": {
        "database": "bin/index.js"
      },
      "funding": {
        "url": "https://link.mercadopago.com.br/brtmvdl"
      }
    },
    "node_modules/@brtmvdl/logger": {
      "version": "0.2.4",
      "resolved": "https://registry.npmjs.org/@brtmvdl/logger/-/logger-0.2.4.tgz",
      "integrity": "sha512-7yNWNCoIblCD2ECaEmMPLJ6wLTTR23JulU4IuCczftoK76D+GWsbZDH2sPD1vAlxlnhSv1vZemSjK05EZ/P//w==",
      "funding": {
        "url": "https://link.mercadopago.com.br/brtmvdl"
      }
    },
    "node_modules/@brtmvdl/uuid": {
      "version": "0.2.0",
      "resolved": "https://registry.npmjs.org/@brtmvdl/uuid/-/uuid-0.2.0.tgz",
      "integrity": "sha512-DYldjPmwMo7f5sZddFYmzkjJmk4ySLfmK6BApYmLW2V/do5MtJsBbd3TnDEW/vPfP5+ISIsy+oV8NrwR5LhqWg=="
    }
  }
}
